# This file is automatically @generated by Poetry 2.1.1 and should not be changed by hand.

[[package]]
name = "bases"
version = "0.3.0"
description = "Python library for general Base-N encodings."
optional = false
python-versions = ">=3.7"
groups = ["main"]
files = [
    {file = "bases-0.3.0-py3-none-any.whl", hash = "sha256:a2fef3366f3e522ff473d2e95c21523fe8e44251038d5c6150c01481585ebf5b"},
    {file = "bases-0.3.0.tar.gz", hash = "sha256:70f04a4a45d63245787f9e89095ca11042685b6b64b542ad916575ba3ccd1570"},
]

[package.dependencies]
typing-extensions = ">=4.6.0"
typing-validation = ">=1.1.0"

[package.extras]
dev = ["base58", "mypy", "pylint", "pytest", "pytest-cov"]

[[package]]
name = "ipld-dag-pb"
version = "0.0.1"
description = "An implementation of the DAG-PB spec for Python."
optional = false
python-versions = ">=3.9"
groups = ["main"]
files = [
    {file = "ipld_dag_pb-0.0.1-py3-none-any.whl", hash = "sha256:fc5fee4bff126571446a4ae5ac8342c05221759f995e7d4ded22ad9df33c8c89"},
    {file = "ipld_dag_pb-0.0.1.tar.gz", hash = "sha256:e205f613d6a0f4b276bfc2d40f0c07db173a0fd2f938862f867ce05f2eddd417"},
]

[[package]]
name = "multiformats"
version = "0.3.1.post4"
description = "Python implementation of multiformats protocols."
optional = false
python-versions = ">=3.7"
groups = ["main"]
files = [
    {file = "multiformats-0.3.1.post4-py3-none-any.whl", hash = "sha256:5b1d61bd8275c9e817bdbee38dbd501b26629011962ee3c86c46e7ccd0b14129"},
    {file = "multiformats-0.3.1.post4.tar.gz", hash = "sha256:d00074fdbc7d603c2084b4c38fa17bbc28173cf2750f51f46fbbc5c4d5605fbb"},
]

[package.dependencies]
bases = ">=0.3.0"
multiformats-config = ">=0.3.0"
typing-extensions = ">=4.6.0"
typing-validation = ">=1.1.0"

[package.extras]
dev = ["blake3", "mmh3", "mypy", "pycryptodomex", "pylint", "pyskein", "pytest", "pytest-cov", "rich"]
full = ["blake3", "mmh3", "pycryptodomex", "pyskein", "rich"]

[[package]]
name = "multiformats-config"
version = "0.3.1"
description = "Pre-loading configuration module for the 'multiformats' package."
optional = false
python-versions = ">=3.7"
groups = ["main"]
files = [
    {file = "multiformats-config-0.3.1.tar.gz", hash = "sha256:7eaa80ef5d9c5ee9b86612d21f93a087c4a655cbcb68960457e61adbc62b47a7"},
    {file = "multiformats_config-0.3.1-py3-none-any.whl", hash = "sha256:dec4c9d42ed0d9305889b67440f72e8e8d74b82b80abd7219667764b5b0a8e1d"},
]

[package.dependencies]
multiformats = "*"

[package.extras]
dev = ["mypy", "pylint", "pytest", "pytest-cov"]

[[package]]
name = "typing-extensions"
version = "4.13.2"
description = "Backported and Experimental Type Hints for Python 3.8+"
optional = false
python-versions = ">=3.8"
groups = ["main"]
files = [
    {file = "typing_extensions-4.13.2-py3-none-any.whl", hash = "sha256:a439e7c04b49fec3e5d3e2beaa21755cadbbdc391694e28ccdd36ca4a1408f8c"},
    {file = "typing_extensions-4.13.2.tar.gz", hash = "sha256:e6c81219bd689f51865d9e372991c540bda33a0379d5573cddb9a3a23f7caaef"},
]

[[package]]
name = "typing-validation"
version = "1.2.12"
description = "A simple library for runtime type-checking."
optional = false
python-versions = ">=3.7"
groups = ["main"]
files = [
    {file = "typing_validation-1.2.12-py3-none-any.whl", hash = "sha256:d68e22a41bf2b98ae91e5d6407db56e9ef83e9e5600164a7aff64aaa082fc232"},
    {file = "typing_validation-1.2.12.tar.gz", hash = "sha256:7ea9463a18bd04922e799cac1954f687e68e9564773f81db491536852ffe1d54"},
]

[package.dependencies]
typing_extensions = {version = ">=4.6.0", markers = "python_version < \"3.11\""}

[package.extras]
dev = ["mypy", "pylint", "pytest", "pytest-cov", "rich"]

[metadata]
lock-version = "2.1"
python-versions = ">=3.9"
content-hash = "919f6d996a289d25302772a89d9fadedc09a991bdac5bf3abec6d78eb69011c9"
